
Microsoft Visual Studio Solution File, Format Version 12.00
# Visual Studio Version 16
VisualStudioVersion = 16.0.30804.86
MinimumVisualStudioVersion = 10.0.40219.1
Project("{9A19103F-16F7-4668-BE54-9A1E7A4F7556}") = "RenameCsFiles", "RenameCsFiles.csproj", "{3E2E8BDE-FB5B-4D04-A9E7-61A842486CDE}"
EndProject
Global
	GlobalSection(SolutionConfigurationPlatforms) = preSolution
		Debug|Any CPU = Debug|Any CPU
		Release|Any CPU = Release|Any CPU
	EndGlobalSection
	GlobalSection(ProjectConfigurationPlatforms) = postSolution
		{3E2E8BDE-FB5B-4D04-A9E7-61A842486CDE}.Debug|Any CPU.ActiveCfg = Debug|Any CPU
		{3E2E8BDE-FB5B-4D04-A9E7-61A842486CDE}.Debug|Any CPU.Build.0 = Debug|Any CPU
		{3E2E8BDE-FB5B-4D04-A9E7-61A842486CDE}.Release|Any CPU.ActiveCfg = Release|Any CPU
		{3E2E8BDE-FB5B-4D04-A9E7-61A842486CDE}.Release|Any CPU.Build.0 = Release|Any CPU
	EndGlobalSection
	GlobalSection(SolutionProperties) = preSolution
		HideSolutionNode = FALSE
	EndGlobalSection
	GlobalSection(ExtensibilityGlobals) = postSolution
		SolutionGuid = {28A30D7C-5097-444A-9985-FB48A1772A05}
	EndGlobalSection
EndGlobal
